{
  "name": "test-uuid-with-peer-deps",
  "version": "0.0.1",
  "lockfileVersion": 2,
  "requires": true,
  "packages": {
    "": {
      "version": "0.0.1",
      "license": "MIT",
      "dependencies": {
        "uuid-with-peer-deps": "file:../uuid-with-peer-deps"
      }
    },
    "../uuid-with-peer-deps": {
      "version": "0.0.1",
      "license": "MIT",
      "dependencies": {
        "uuid": "8.3.2"
      },
      "peerDependencies": {
        "react-native-get-random-values": "^1.6.0"
      },
      "peerDependenciesMeta": {
        "react-native-get-random-values": {
          "optional": true
        }
      }
    },
    "node_modules/uuid-with-peer-deps": {
      "resolved": "../uuid-with-peer-deps",
      "link": true
    }
  },
  "dependencies": {
    "uuid-with-peer-deps": {
      "version": "file:../uuid-with-peer-deps",
      "requires": {
        "uuid": "8.3.2"
      }
    }
  }
}
